
Microsoft Visual Studio Solution File, Format Version 12.00
# Visual Studio 2012
Project("{FAE04EC0-301F-11D3-BF4B-00C04F79EFBC}") = "TDD.Wallet", "TDD.Wallet\TDD.Wallet.csproj", "{76C9564E-FE19-47AA-A848-895AB0678984}"
EndProject
Project("{FAE04EC0-301F-11D3-BF4B-00C04F79EFBC}") = "UnitTestProject1", "UnitTestProject1\UnitTestProject1.csproj", "{7FB1B6D0-01A9-4106-AA7E-354CE75FCA7B}"
EndProject
Global
	GlobalSection(SolutionConfigurationPlatforms) = preSolution
		Debug|Any CPU = Debug|Any CPU
		Release|Any CPU = Release|Any CPU
	EndGlobalSection
	GlobalSection(ProjectConfigurationPlatforms) = postSolution
		{76C9564E-FE19-47AA-A848-895AB0678984}.Debug|Any CPU.ActiveCfg = Debug|Any CPU
		{76C9564E-FE19-47AA-A848-895AB0678984}.Debug|Any CPU.Build.0 = Debug|Any CPU
		{76C9564E-FE19-47AA-A848-895AB0678984}.Release|Any CPU.ActiveCfg = Release|Any CPU
		{76C9564E-FE19-47AA-A848-895AB0678984}.Release|Any CPU.Build.0 = Release|Any CPU
		{7FB1B6D0-01A9-4106-AA7E-354CE75FCA7B}.Debug|Any CPU.ActiveCfg = Debug|Any CPU
		{7FB1B6D0-01A9-4106-AA7E-354CE75FCA7B}.Debug|Any CPU.Build.0 = Debug|Any CPU
		{7FB1B6D0-01A9-4106-AA7E-354CE75FCA7B}.Release|Any CPU.ActiveCfg = Release|Any CPU
		{7FB1B6D0-01A9-4106-AA7E-354CE75FCA7B}.Release|Any CPU.Build.0 = Release|Any CPU
	EndGlobalSection
	GlobalSection(SolutionProperties) = preSolution
		HideSolutionNode = FALSE
	EndGlobalSection
EndGlobal
